
Microsoft Visual Studio Solution File, Format Version 12.00
# Visual Studio 15
VisualStudioVersion = 15.0.26730.16
MinimumVisualStudioVersion = 10.0.40219.1
Project("{888888A0-9F3D-457C-B088-3A5042F75D52}") = "Variance_Analysis", "Variance_Analysis\Variance_Analysis.pyproj", "{82E4F6C1-5A7E-47EE-89E3-FBE50260ECA1}"
EndProject
Global
	GlobalSection(SolutionConfigurationPlatforms) = preSolution
		Debug|Any CPU = Debug|Any CPU
		Release|Any CPU = Release|Any CPU
	EndGlobalSection
	GlobalSection(ProjectConfigurationPlatforms) = postSolution
		{82E4F6C1-5A7E-47EE-89E3-FBE50260ECA1}.Debug|Any CPU.ActiveCfg = Debug|Any CPU
		{82E4F6C1-5A7E-47EE-89E3-FBE50260ECA1}.Release|Any CPU.ActiveCfg = Release|Any CPU
	EndGlobalSection
	GlobalSection(SolutionProperties) = preSolution
		HideSolutionNode = FALSE
	EndGlobalSection
	GlobalSection(ExtensibilityGlobals) = postSolution
		SolutionGuid = {DE976704-5ACB-4722-806B-D9D77B5C347D}
	EndGlobalSection
EndGlobal
